
Microsoft Visual Studio Solution File, Format Version 12.00
# Visual Studio Version 17
VisualStudioVersion = 17.11.35327.3
MinimumVisualStudioVersion = 10.0.40219.1
Project("{9A19103F-16F7-4668-BE54-9A1E7A4F7556}") = "FitnessBL", "FitnessBL\FitnessBL.csproj", "{C3478F1E-AF82-4F06-A760-CF669622BC6F}"
EndProject
Project("{2150E333-8FDC-42A3-9474-1A3956D46DE8}") = "Clients", "Clients", "{DDF8922F-6B26-4A9A-9A98-B0BA4E27DCE9}"
	ProjectSection(SolutionItems) = preProject
		WPFNogTeDoen.txt = WPFNogTeDoen.txt
	EndProjectSection
EndProject
Project("{9A19103F-16F7-4668-BE54-9A1E7A4F7556}") = "FitnessREST", "FitnessREST\FitnessREST.csproj", "{7CED327A-CDCB-4D93-8FBB-17BFAC990E2B}"
EndProject
Project("{9A19103F-16F7-4668-BE54-9A1E7A4F7556}") = "FitnessDL", "FitnessDL\FitnessDL.csproj", "{6890883C-A386-450B-A3FE-BA592F14B085}"
EndProject
Global
	GlobalSection(SolutionConfigurationPlatforms) = preSolution
		Debug|Any CPU = Debug|Any CPU
		Release|Any CPU = Release|Any CPU
	EndGlobalSection
	GlobalSection(ProjectConfigurationPlatforms) = postSolution
		{C3478F1E-AF82-4F06-A760-CF669622BC6F}.Debug|Any CPU.ActiveCfg = Debug|Any CPU
		{C3478F1E-AF82-4F06-A760-CF669622BC6F}.Debug|Any CPU.Build.0 = Debug|Any CPU
		{C3478F1E-AF82-4F06-A760-CF669622BC6F}.Release|Any CPU.ActiveCfg = Release|Any CPU
		{C3478F1E-AF82-4F06-A760-CF669622BC6F}.Release|Any CPU.Build.0 = Release|Any CPU
		{7CED327A-CDCB-4D93-8FBB-17BFAC990E2B}.Debug|Any CPU.ActiveCfg = Debug|Any CPU
		{7CED327A-CDCB-4D93-8FBB-17BFAC990E2B}.Debug|Any CPU.Build.0 = Debug|Any CPU
		{7CED327A-CDCB-4D93-8FBB-17BFAC990E2B}.Release|Any CPU.ActiveCfg = Release|Any CPU
		{7CED327A-CDCB-4D93-8FBB-17BFAC990E2B}.Release|Any CPU.Build.0 = Release|Any CPU
		{6890883C-A386-450B-A3FE-BA592F14B085}.Debug|Any CPU.ActiveCfg = Debug|Any CPU
		{6890883C-A386-450B-A3FE-BA592F14B085}.Debug|Any CPU.Build.0 = Debug|Any CPU
		{6890883C-A386-450B-A3FE-BA592F14B085}.Release|Any CPU.ActiveCfg = Release|Any CPU
		{6890883C-A386-450B-A3FE-BA592F14B085}.Release|Any CPU.Build.0 = Release|Any CPU
	EndGlobalSection
	GlobalSection(SolutionProperties) = preSolution
		HideSolutionNode = FALSE
	EndGlobalSection
	GlobalSection(ExtensibilityGlobals) = postSolution
		SolutionGuid = {677FF36D-92E2-45FE-B888-D67D116278C1}
	EndGlobalSection
EndGlobal
